// !$*UTF8*$!
{
	archiveVersion = 1;
	classes = {
	};
	objectVersion = 52;
	objects = {

/* Begin PBXBuildFile section */
		6A7A835E22DD3FD3005A0BAD /* PushPackageTestingViewController.swift in Sources */ = {isa = PBXBuildFile; fileRef = 6A7A835D22DD3FD3005A0BAD /* PushPackageTestingViewController.swift */; };
		6A923E0E25390411009CF753 /* CoreServices.framework in Frameworks */ = {isa = PBXBuildFile; fileRef = 6A923E0D25390411009CF753 /* CoreServices.framework */; };
		6A994B0724089A98005A1325 /* LKCAuthenticator.framework in Frameworks */ = {isa = PBXBuildFile; fileRef = 6A994B0524089A98005A1325 /* LKCAuthenticator.framework */; };
		6A994B0824089A98005A1325 /* LKCAuthenticator.framework in Embed Frameworks */ = {isa = PBXBuildFile; fileRef = 6A994B0524089A98005A1325 /* LKCAuthenticator.framework */; settings = {ATTRIBUTES = (CodeSignOnCopy, RemoveHeadersOnCopy, ); }; };
		6AA4763024099B9100FDEC61 /* Authenticator.framework in Frameworks */ = {isa = PBXBuildFile; fileRef = 6AA4762F24099B9100FDEC61 /* Authenticator.framework */; };
		6AA4763124099B9100FDEC61 /* Authenticator.framework in Embed Frameworks */ = {isa = PBXBuildFile; fileRef = 6AA4762F24099B9100FDEC61 /* Authenticator.framework */; settings = {ATTRIBUTES = (CodeSignOnCopy, RemoveHeadersOnCopy, ); }; };
		6AABE959254217EB00B198E1 /* ObjCCatchException.m in Sources */ = {isa = PBXBuildFile; fileRef = 6AABE958254217EB00B198E1 /* ObjCCatchException.m */; };
		6AAC878125D207F200E8739B /* AFNetworking.xcframework in Frameworks */ = {isa = PBXBuildFile; fileRef = 6AAC877925D207E600E8739B /* AFNetworking.xcframework */; };
		6AAC878225D207F200E8739B /* AFNetworking.xcframework in Embed Frameworks */ = {isa = PBXBuildFile; fileRef = 6AAC877925D207E600E8739B /* AFNetworking.xcframework */; settings = {ATTRIBUTES = (CodeSignOnCopy, RemoveHeadersOnCopy, ); }; };
		6AAC878525D207F400E8739B /* Base64.xcframework in Frameworks */ = {isa = PBXBuildFile; fileRef = 6AAC877D25D207EA00E8739B /* Base64.xcframework */; };
		6AAC878625D207F400E8739B /* Base64.xcframework in Embed Frameworks */ = {isa = PBXBuildFile; fileRef = 6AAC877D25D207EA00E8739B /* Base64.xcframework */; settings = {ATTRIBUTES = (CodeSignOnCopy, RemoveHeadersOnCopy, ); }; };
		6AB4AFCD2416E06400ADF31D /* FraudForce.framework in Frameworks */ = {isa = PBXBuildFile; fileRef = 6AB4AFCB2416E05A00ADF31D /* FraudForce.framework */; };
		6AB4AFCE2416E06400ADF31D /* FraudForce.framework in Embed Frameworks */ = {isa = PBXBuildFile; fileRef = 6AB4AFCB2416E05A00ADF31D /* FraudForce.framework */; settings = {ATTRIBUTES = (CodeSignOnCopy, RemoveHeadersOnCopy, ); }; };
		811A8E6F1D580AA00095A867 /* DevicesDefaultViewController.swift in Sources */ = {isa = PBXBuildFile; fileRef = 811A8E6E1D580AA00095A867 /* DevicesDefaultViewController.swift */; };
		815193651D580D40006B7DA3 /* SessionsCustomViewController.swift in Sources */ = {isa = PBXBuildFile; fileRef = 815193641D580D40006B7DA3 /* SessionsCustomViewController.swift */; };
		8153D4FE1D5CF3240023D2EC /* SessionCustomTableViewCell.swift in Sources */ = {isa = PBXBuildFile; fileRef = 8153D4FD1D5CF3240023D2EC /* SessionCustomTableViewCell.swift */; };
		81700BB81D4EB2EC00EA5F65 /* LinkingCustomViewController.swift in Sources */ = {isa = PBXBuildFile; fileRef = 81700BB71D4EB2EC00EA5F65 /* LinkingCustomViewController.swift */; };
		817F47F122BAEDD600E61706 /* ConfigTestingViewController.swift in Sources */ = {isa = PBXBuildFile; fileRef = 817F47F022BAEDD600E61706 /* ConfigTestingViewController.swift */; };
		81B0118822F1EABB00D782D0 /* exportOptions.plist in Resources */ = {isa = PBXBuildFile; fileRef = 81B0118722F1EABB00D782D0 /* exportOptions.plist */; };
		81BC964D1D42CA1B00B2843A /* ContainerViewController.swift in Sources */ = {isa = PBXBuildFile; fileRef = 81BC964C1D42CA1B00B2843A /* ContainerViewController.swift */; };
		81CC6E141D58071400ADDD21 /* SessionsDefaultViewController.swift in Sources */ = {isa = PBXBuildFile; fileRef = 81CC6E131D58071400ADDD21 /* SessionsDefaultViewController.swift */; };
		81DBD76C1D581CAB003F01B5 /* DevicesCustomViewController.swift in Sources */ = {isa = PBXBuildFile; fileRef = 81DBD76B1D581CAB003F01B5 /* DevicesCustomViewController.swift */; };
		81E220FD1D5CF61000828394 /* DevicesCustomTableViewCell.swift in Sources */ = {isa = PBXBuildFile; fileRef = 81E220FC1D5CF61000828394 /* DevicesCustomTableViewCell.swift */; };
		81F0A11E1D18AE5400D53595 /* AppDelegate.swift in Sources */ = {isa = PBXBuildFile; fileRef = 81F0A11D1D18AE5400D53595 /* AppDelegate.swift */; };
		81F0A1201D18AE5400D53595 /* ViewController.swift in Sources */ = {isa = PBXBuildFile; fileRef = 81F0A11F1D18AE5400D53595 /* ViewController.swift */; };
		81F0A1231D18AE5400D53595 /* Main.storyboard in Resources */ = {isa = PBXBuildFile; fileRef = 81F0A1211D18AE5400D53595 /* Main.storyboard */; };
		81F0A1261D18AE5400D53595 /* SwiftWhiteLabelSDK.xcdatamodeld in Sources */ = {isa = PBXBuildFile; fileRef = 81F0A1241D18AE5400D53595 /* SwiftWhiteLabelSDK.xcdatamodeld */; };
		81F0A1281D18AE5400D53595 /* Assets.xcassets in Resources */ = {isa = PBXBuildFile; fileRef = 81F0A1271D18AE5400D53595 /* Assets.xcassets */; };
		81F0A12B1D18AE5400D53595 /* LaunchScreen.storyboard in Resources */ = {isa = PBXBuildFile; fileRef = 81F0A1291D18AE5400D53595 /* LaunchScreen.storyboard */; };
		81F0A14F1D18AF0F00D53595 /* Foundation.framework in Frameworks */ = {isa = PBXBuildFile; fileRef = 81F0A14E1D18AF0F00D53595 /* Foundation.framework */; };
		81F0A1511D18AF1500D53595 /* LocalAuthentication.framework in Frameworks */ = {isa = PBXBuildFile; fileRef = 81F0A1501D18AF1500D53595 /* LocalAuthentication.framework */; };
		81F0A1531D18AF1C00D53595 /* CoreMedia.framework in Frameworks */ = {isa = PBXBuildFile; fileRef = 81F0A1521D18AF1C00D53595 /* CoreMedia.framework */; };
		81F0A1551D18AF2200D53595 /* CoreVideo.framework in Frameworks */ = {isa = PBXBuildFile; fileRef = 81F0A1541D18AF2200D53595 /* CoreVideo.framework */; };
		81F0A1571D18AF2800D53595 /* ImageIO.framework in Frameworks */ = {isa = PBXBuildFile; fileRef = 81F0A1561D18AF2800D53595 /* ImageIO.framework */; };
		81F0A1591D18AF2D00D53595 /* CoreGraphics.framework in Frameworks */ = {isa = PBXBuildFile; fileRef = 81F0A1581D18AF2D00D53595 /* CoreGraphics.framework */; };
		81F0A15B1D18AF3300D53595 /* Security.framework in Frameworks */ = {isa = PBXBuildFile; fileRef = 81F0A15A1D18AF3300D53595 /* Security.framework */; };
		81F0A15F1D18AF4100D53595 /* CoreLocation.framework in Frameworks */ = {isa = PBXBuildFile; fileRef = 81F0A15E1D18AF4100D53595 /* CoreLocation.framework */; };
		81F0A1611D18AF4500D53595 /* CoreBluetooth.framework in Frameworks */ = {isa = PBXBuildFile; fileRef = 81F0A1601D18AF4500D53595 /* CoreBluetooth.framework */; };
		81F0A1631D18AF4B00D53595 /* AVFoundation.framework in Frameworks */ = {isa = PBXBuildFile; fileRef = 81F0A1621D18AF4B00D53595 /* AVFoundation.framework */; };
		81F0A1651D18AF4F00D53595 /* UIKit.framework in Frameworks */ = {isa = PBXBuildFile; fileRef = 81F0A1641D18AF4F00D53595 /* UIKit.framework */; };
/* End PBXBuildFile section */

/* Begin PBXContainerItemProxy section */
		81F0A1321D18AE5400D53595 /* PBXContainerItemProxy */ = {
			isa = PBXContainerItemProxy;
			containerPortal = 81F0A1121D18AE5400D53595 /* Project object */;
			proxyType = 1;
			remoteGlobalIDString = 81F0A1191D18AE5400D53595;
			remoteInfo = SwiftWhiteLabelSDK;
		};
		81F0A13D1D18AE5400D53595 /* PBXContainerItemProxy */ = {
			isa = PBXContainerItemProxy;
			containerPortal = 81F0A1121D18AE5400D53595 /* Project object */;
			proxyType = 1;
			remoteGlobalIDString = 81F0A1191D18AE5400D53595;
			remoteInfo = SwiftWhiteLabelSDK;
		};
/* End PBXContainerItemProxy section */

/* Begin PBXCopyFilesBuildPhase section */
		819576BD2332A40100F7545B /* Embed Frameworks */ = {
			isa = PBXCopyFilesBuildPhase;
			buildActionMask = 2147483647;
			dstPath = "";
			dstSubfolderSpec = 10;
			files = (
				6AAC878625D207F400E8739B /* Base64.xcframework in Embed Frameworks */,
				6AB4AFCE2416E06400ADF31D /* FraudForce.framework in Embed Frameworks */,
				6A994B0824089A98005A1325 /* LKCAuthenticator.framework in Embed Frameworks */,
				6AAC878225D207F200E8739B /* AFNetworking.xcframework in Embed Frameworks */,
				6AA4763124099B9100FDEC61 /* Authenticator.framework in Embed Frameworks */,
			);
			name = "Embed Frameworks";
			runOnlyForDeploymentPostprocessing = 0;
		};
/* End PBXCopyFilesBuildPhase section */

/* Begin PBXFileReference section */
		6A7A835D22DD3FD3005A0BAD /* PushPackageTestingViewController.swift */ = {isa = PBXFileReference; lastKnownFileType = sourcecode.swift; path = PushPackageTestingViewController.swift; sourceTree = "<group>"; };
		6A923E0D25390411009CF753 /* CoreServices.framework */ = {isa = PBXFileReference; lastKnownFileType = wrapper.framework; name = CoreServices.framework; path = System/Library/Frameworks/CoreServices.framework; sourceTree = SDKROOT; };
		6A994B0524089A98005A1325 /* LKCAuthenticator.framework */ = {isa = PBXFileReference; explicitFileType = wrapper.framework; path = LKCAuthenticator.framework; sourceTree = BUILT_PRODUCTS_DIR; };
		6AA4762F24099B9100FDEC61 /* Authenticator.framework */ = {isa = PBXFileReference; explicitFileType = wrapper.framework; path = Authenticator.framework; sourceTree = BUILT_PRODUCTS_DIR; };
		6AABE957254217D800B198E1 /* ObjCCatchException.h */ = {isa = PBXFileReference; lastKnownFileType = sourcecode.c.h; path = ObjCCatchException.h; sourceTree = "<group>"; };
		6AABE958254217EB00B198E1 /* ObjCCatchException.m */ = {isa = PBXFileReference; lastKnownFileType = sourcecode.c.objc; path = ObjCCatchException.m; sourceTree = "<group>"; };
		6AAC877925D207E600E8739B /* AFNetworking.xcframework */ = {isa = PBXFileReference; lastKnownFileType = wrapper.xcframework; name = AFNetworking.xcframework; path = ../Carthage/Build/AFNetworking.xcframework; sourceTree = "<group>"; };
		6AAC877D25D207EA00E8739B /* Base64.xcframework */ = {isa = PBXFileReference; lastKnownFileType = wrapper.xcframework; name = Base64.xcframework; path = ../Carthage/Build/Base64.xcframework; sourceTree = "<group>"; };
		6AB4AFCB2416E05A00ADF31D /* FraudForce.framework */ = {isa = PBXFileReference; lastKnownFileType = wrapper.framework; name = FraudForce.framework; path = ../Carthage/Build/iOS/FraudForce.framework; sourceTree = "<group>"; };
		811A8E6E1D580AA00095A867 /* DevicesDefaultViewController.swift */ = {isa = PBXFileReference; fileEncoding = 4; lastKnownFileType = sourcecode.swift; path = DevicesDefaultViewController.swift; sourceTree = "<group>"; };
		815193641D580D40006B7DA3 /* SessionsCustomViewController.swift */ = {isa = PBXFileReference; fileEncoding = 4; lastKnownFileType = sourcecode.swift; path = SessionsCustomViewController.swift; sourceTree = "<group>"; };
		8153D4FD1D5CF3240023D2EC /* SessionCustomTableViewCell.swift */ = {isa = PBXFileReference; fileEncoding = 4; lastKnownFileType = sourcecode.swift; path = SessionCustomTableViewCell.swift; sourceTree = "<group>"; };
		8163E62D1D92EDC900CA237A /* SampleAppSwift.entitlements */ = {isa = PBXFileReference; lastKnownFileType = text.plist.entitlements; path = SampleAppSwift.entitlements; sourceTree = "<group>"; };
		81700BB71D4EB2EC00EA5F65 /* LinkingCustomViewController.swift */ = {isa = PBXFileReference; fileEncoding = 4; lastKnownFileType = sourcecode.swift; path = LinkingCustomViewController.swift; sourceTree = "<group>"; };
		817F47F022BAEDD600E61706 /* ConfigTestingViewController.swift */ = {isa = PBXFileReference; lastKnownFileType = sourcecode.swift; path = ConfigTestingViewController.swift; sourceTree = "<group>"; };
		81B0118722F1EABB00D782D0 /* exportOptions.plist */ = {isa = PBXFileReference; fileEncoding = 4; lastKnownFileType = text.plist.xml; path = exportOptions.plist; sourceTree = "<group>"; };
		81BC964C1D42CA1B00B2843A /* ContainerViewController.swift */ = {isa = PBXFileReference; fileEncoding = 4; lastKnownFileType = sourcecode.swift; path = ContainerViewController.swift; sourceTree = "<group>"; };
		81CC6E131D58071400ADDD21 /* SessionsDefaultViewController.swift */ = {isa = PBXFileReference; fileEncoding = 4; lastKnownFileType = sourcecode.swift; path = SessionsDefaultViewController.swift; sourceTree = "<group>"; };
		81DBD76B1D581CAB003F01B5 /* DevicesCustomViewController.swift */ = {isa = PBXFileReference; fileEncoding = 4; lastKnownFileType = sourcecode.swift; path = DevicesCustomViewController.swift; sourceTree = "<group>"; };
		81E220FC1D5CF61000828394 /* DevicesCustomTableViewCell.swift */ = {isa = PBXFileReference; fileEncoding = 4; lastKnownFileType = sourcecode.swift; path = DevicesCustomTableViewCell.swift; sourceTree = "<group>"; };
		81F0A11A1D18AE5400D53595 /* SampleAppSwift.app */ = {isa = PBXFileReference; explicitFileType = wrapper.application; includeInIndex = 0; path = SampleAppSwift.app; sourceTree = BUILT_PRODUCTS_DIR; };
		81F0A11D1D18AE5400D53595 /* AppDelegate.swift */ = {isa = PBXFileReference; lastKnownFileType = sourcecode.swift; path = AppDelegate.swift; sourceTree = "<group>"; };
		81F0A11F1D18AE5400D53595 /* ViewController.swift */ = {isa = PBXFileReference; lastKnownFileType = sourcecode.swift; path = ViewController.swift; sourceTree = "<group>"; };
		81F0A1221D18AE5400D53595 /* Base */ = {isa = PBXFileReference; lastKnownFileType = file.storyboard; name = Base; path = Base.lproj/Main.storyboard; sourceTree = "<group>"; };
		81F0A1251D18AE5400D53595 /* SwiftWhiteLabelSDK.xcdatamodel */ = {isa = PBXFileReference; lastKnownFileType = wrapper.xcdatamodel; path = SwiftWhiteLabelSDK.xcdatamodel; sourceTree = "<group>"; };
		81F0A1271D18AE5400D53595 /* Assets.xcassets */ = {isa = PBXFileReference; lastKnownFileType = folder.assetcatalog; path = Assets.xcassets; sourceTree = "<group>"; };
		81F0A12A1D18AE5400D53595 /* Base */ = {isa = PBXFileReference; lastKnownFileType = file.storyboard; name = Base; path = Base.lproj/LaunchScreen.storyboard; sourceTree = "<group>"; };
		81F0A12C1D18AE5400D53595 /* Info.plist */ = {isa = PBXFileReference; lastKnownFileType = text.plist.xml; path = Info.plist; sourceTree = "<group>"; };
		81F0A1311D18AE5400D53595 /* SampleAppSwift.xctest */ = {isa = PBXFileReference; explicitFileType = wrapper.cfbundle; includeInIndex = 0; path = SampleAppSwift.xctest; sourceTree = BUILT_PRODUCTS_DIR; };
		81F0A13C1D18AE5400D53595 /* SampleAppSwift.xctest */ = {isa = PBXFileReference; explicitFileType = wrapper.cfbundle; includeInIndex = 0; path = SampleAppSwift.xctest; sourceTree = BUILT_PRODUCTS_DIR; };
		81F0A14E1D18AF0F00D53595 /* Foundation.framework */ = {isa = PBXFileReference; lastKnownFileType = wrapper.framework; name = Foundation.framework; path = System/Library/Frameworks/Foundation.framework; sourceTree = SDKROOT; };
		81F0A1501D18AF1500D53595 /* LocalAuthentication.framework */ = {isa = PBXFileReference; lastKnownFileType = wrapper.framework; name = LocalAuthentication.framework; path = System/Library/Frameworks/LocalAuthentication.framework; sourceTree = SDKROOT; };
		81F0A1521D18AF1C00D53595 /* CoreMedia.framework */ = {isa = PBXFileReference; lastKnownFileType = wrapper.framework; name = CoreMedia.framework; path = System/Library/Frameworks/CoreMedia.framework; sourceTree = SDKROOT; };
		81F0A1541D18AF2200D53595 /* CoreVideo.framework */ = {isa = PBXFileReference; lastKnownFileType = wrapper.framework; name = CoreVideo.framework; path = System/Library/Frameworks/CoreVideo.framework; sourceTree = SDKROOT; };
		81F0A1561D18AF2800D53595 /* ImageIO.framework */ = {isa = PBXFileReference; lastKnownFileType = wrapper.framework; name = ImageIO.framework; path = System/Library/Frameworks/ImageIO.framework; sourceTree = SDKROOT; };
		81F0A1581D18AF2D00D53595 /* CoreGraphics.framework */ = {isa = PBXFileReference; lastKnownFileType = wrapper.framework; name = CoreGraphics.framework; path = System/Library/Frameworks/CoreGraphics.framework; sourceTree = SDKROOT; };
		81F0A15A1D18AF3300D53595 /* Security.framework */ = {isa = PBXFileReference; lastKnownFileType = wrapper.framework; name = Security.framework; path = System/Library/Frameworks/Security.framework; sourceTree = SDKROOT; };
		81F0A15E1D18AF4100D53595 /* CoreLocation.framework */ = {isa = PBXFileReference; lastKnownFileType = wrapper.framework; name = CoreLocation.framework; path = System/Library/Frameworks/CoreLocation.framework; sourceTree = SDKROOT; };
		81F0A1601D18AF4500D53595 /* CoreBluetooth.framework */ = {isa = PBXFileReference; lastKnownFileType = wrapper.framework; name = CoreBluetooth.framework; path = System/Library/Frameworks/CoreBluetooth.framework; sourceTree = SDKROOT; };
		81F0A1621D18AF4B00D53595 /* AVFoundation.framework */ = {isa = PBXFileReference; lastKnownFileType = wrapper.framework; name = AVFoundation.framework; path = System/Library/Frameworks/AVFoundation.framework; sourceTree = SDKROOT; };
		81F0A1641D18AF4F00D53595 /* UIKit.framework */ = {isa = PBXFileReference; lastKnownFileType = wrapper.framework; name = UIKit.framework; path = System/Library/Frameworks/UIKit.framework; sourceTree = SDKROOT; };
		81F0A1661D18AF5700D53595 /* MobileCoreServices.framework */ = {isa = PBXFileReference; lastKnownFileType = wrapper.framework; name = MobileCoreServices.framework; path = System/Library/Frameworks/MobileCoreServices.framework; sourceTree = SDKROOT; };
		81F0A16E1D18AFA800D53595 /* SampleAppSwift-Bridging-Header.h */ = {isa = PBXFileReference; lastKnownFileType = sourcecode.c.h; path = "SampleAppSwift-Bridging-Header.h"; sourceTree = "<group>"; };
/* End PBXFileReference section */

/* Begin PBXFrameworksBuildPhase section */
		81F0A1171D18AE5400D53595 /* Frameworks */ = {
			isa = PBXFrameworksBuildPhase;
			buildActionMask = 2147483647;
			files = (
				6A994B0724089A98005A1325 /* LKCAuthenticator.framework in Frameworks */,
				81F0A1651D18AF4F00D53595 /* UIKit.framework in Frameworks */,
				81F0A1631D18AF4B00D53595 /* AVFoundation.framework in Frameworks */,
				81F0A1611D18AF4500D53595 /* CoreBluetooth.framework in Frameworks */,
				81F0A15F1D18AF4100D53595 /* CoreLocation.framework in Frameworks */,
				81F0A15B1D18AF3300D53595 /* Security.framework in Frameworks */,
				81F0A1591D18AF2D00D53595 /* CoreGraphics.framework in Frameworks */,
				6AAC878125D207F200E8739B /* AFNetworking.xcframework in Frameworks */,
				6AAC878525D207F400E8739B /* Base64.xcframework in Frameworks */,
				6A923E0E25390411009CF753 /* CoreServices.framework in Frameworks */,
				6AA4763024099B9100FDEC61 /* Authenticator.framework in Frameworks */,
				81F0A1571D18AF2800D53595 /* ImageIO.framework in Frameworks */,
				81F0A1551D18AF2200D53595 /* CoreVideo.framework in Frameworks */,
				81F0A1531D18AF1C00D53595 /* CoreMedia.framework in Frameworks */,
				81F0A1511D18AF1500D53595 /* LocalAuthentication.framework in Frameworks */,
				6AB4AFCD2416E06400ADF31D /* FraudForce.framework in Frameworks */,
				81F0A14F1D18AF0F00D53595 /* Foundation.framework in Frameworks */,
			);
			runOnlyForDeploymentPostprocessing = 0;
		};
		81F0A12E1D18AE5400D53595 /* Frameworks */ = {
			isa = PBXFrameworksBuildPhase;
			buildActionMask = 2147483647;
			files = (
			);
			runOnlyForDeploymentPostprocessing = 0;
		};
		81F0A1391D18AE5400D53595 /* Frameworks */ = {
			isa = PBXFrameworksBuildPhase;
			buildActionMask = 2147483647;
			files = (
			);
			runOnlyForDeploymentPostprocessing = 0;
		};
/* End PBXFrameworksBuildPhase section */

/* Begin PBXGroup section */
		81EC88951D4199760081898C /* Frameworks */ = {
			isa = PBXGroup;
			children = (
				6AAC877D25D207EA00E8739B /* Base64.xcframework */,
				6AAC877925D207E600E8739B /* AFNetworking.xcframework */,
				6A923E0D25390411009CF753 /* CoreServices.framework */,
				6AB4AFCB2416E05A00ADF31D /* FraudForce.framework */,
				6AA4762F24099B9100FDEC61 /* Authenticator.framework */,
				6A994B0524089A98005A1325 /* LKCAuthenticator.framework */,
				81F0A1661D18AF5700D53595 /* MobileCoreServices.framework */,
				81F0A1641D18AF4F00D53595 /* UIKit.framework */,
				81F0A1621D18AF4B00D53595 /* AVFoundation.framework */,
				81F0A1601D18AF4500D53595 /* CoreBluetooth.framework */,
				81F0A15E1D18AF4100D53595 /* CoreLocation.framework */,
				81F0A15A1D18AF3300D53595 /* Security.framework */,
				81F0A1581D18AF2D00D53595 /* CoreGraphics.framework */,
				81F0A1561D18AF2800D53595 /* ImageIO.framework */,
				81F0A1541D18AF2200D53595 /* CoreVideo.framework */,
				81F0A1521D18AF1C00D53595 /* CoreMedia.framework */,
				81F0A1501D18AF1500D53595 /* LocalAuthentication.framework */,
				81F0A14E1D18AF0F00D53595 /* Foundation.framework */,
			);
			name = Frameworks;
			sourceTree = "<group>";
		};
		81F0A1111D18AE5400D53595 = {
			isa = PBXGroup;
			children = (
				81B0118722F1EABB00D782D0 /* exportOptions.plist */,
				8163E62D1D92EDC900CA237A /* SampleAppSwift.entitlements */,
				81EC88951D4199760081898C /* Frameworks */,
				81F0A11C1D18AE5400D53595 /* SampleAppSwift */,
				81F0A11B1D18AE5400D53595 /* Products */,
				81F0A16E1D18AFA800D53595 /* SampleAppSwift-Bridging-Header.h */,
			);
			sourceTree = "<group>";
		};
		81F0A11B1D18AE5400D53595 /* Products */ = {
			isa = PBXGroup;
			children = (
				81F0A11A1D18AE5400D53595 /* SampleAppSwift.app */,
				81F0A1311D18AE5400D53595 /* SampleAppSwift.xctest */,
				81F0A13C1D18AE5400D53595 /* SampleAppSwift.xctest */,
			);
			name = Products;
			sourceTree = "<group>";
		};
		81F0A11C1D18AE5400D53595 /* SampleAppSwift */ = {
			isa = PBXGroup;
			children = (
				81F0A11D1D18AE5400D53595 /* AppDelegate.swift */,
				81F0A11F1D18AE5400D53595 /* ViewController.swift */,
				81BC964C1D42CA1B00B2843A /* ContainerViewController.swift */,
				81CC6E131D58071400ADDD21 /* SessionsDefaultViewController.swift */,
				811A8E6E1D580AA00095A867 /* DevicesDefaultViewController.swift */,
				815193641D580D40006B7DA3 /* SessionsCustomViewController.swift */,
				8153D4FD1D5CF3240023D2EC /* SessionCustomTableViewCell.swift */,
				81DBD76B1D581CAB003F01B5 /* DevicesCustomViewController.swift */,
				81E220FC1D5CF61000828394 /* DevicesCustomTableViewCell.swift */,
				81F0A1211D18AE5400D53595 /* Main.storyboard */,
				81700BB71D4EB2EC00EA5F65 /* LinkingCustomViewController.swift */,
				817F47F022BAEDD600E61706 /* ConfigTestingViewController.swift */,
				81F0A1271D18AE5400D53595 /* Assets.xcassets */,
				81F0A1291D18AE5400D53595 /* LaunchScreen.storyboard */,
				81F0A12C1D18AE5400D53595 /* Info.plist */,
				81F0A1241D18AE5400D53595 /* SwiftWhiteLabelSDK.xcdatamodeld */,
				6A7A835D22DD3FD3005A0BAD /* PushPackageTestingViewController.swift */,
				6AABE957254217D800B198E1 /* ObjCCatchException.h */,
				6AABE958254217EB00B198E1 /* ObjCCatchException.m */,
			);
			path = SampleAppSwift;
			sourceTree = "<group>";
		};
/* End PBXGroup section */

/* Begin PBXNativeTarget section */
		81F0A1191D18AE5400D53595 /* SampleAppSwift */ = {
			isa = PBXNativeTarget;
			buildConfigurationList = 81F0A1451D18AE5400D53595 /* Build configuration list for PBXNativeTarget "SampleAppSwift" */;
			buildPhases = (
				6A3D8A0D23441EAB0070818E /* ShellScript */,
				81F0A1161D18AE5400D53595 /* Sources */,
				81F0A1181D18AE5400D53595 /* Resources */,
				81F0A1171D18AE5400D53595 /* Frameworks */,
				819576BD2332A40100F7545B /* Embed Frameworks */,
			);
			buildRules = (
			);
			dependencies = (
			);
			name = SampleAppSwift;
			productName = SwiftWhiteLabelSDK;
			productReference = 81F0A11A1D18AE5400D53595 /* SampleAppSwift.app */;
			productType = "com.apple.product-type.application";
		};
		81F0A1301D18AE5400D53595 /* SampleAppSwiftTests */ = {
			isa = PBXNativeTarget;
			buildConfigurationList = 81F0A1481D18AE5400D53595 /* Build configuration list for PBXNativeTarget "SampleAppSwiftTests" */;
			buildPhases = (
				81F0A12D1D18AE5400D53595 /* Sources */,
				81F0A12E1D18AE5400D53595 /* Frameworks */,
				81F0A12F1D18AE5400D53595 /* Resources */,
			);
			buildRules = (
			);
			dependencies = (
				81F0A1331D18AE5400D53595 /* PBXTargetDependency */,
			);
			name = SampleAppSwiftTests;
			productName = SwiftWhiteLabelSDKTests;
			productReference = 81F0A1311D18AE5400D53595 /* SampleAppSwift.xctest */;
			productType = "com.apple.product-type.bundle.unit-test";
		};
		81F0A13B1D18AE5400D53595 /* SampleAppSwiftUITests */ = {
			isa = PBXNativeTarget;
			buildConfigurationList = 81F0A14B1D18AE5400D53595 /* Build configuration list for PBXNativeTarget "SampleAppSwiftUITests" */;
			buildPhases = (
				81F0A1381D18AE5400D53595 /* Sources */,
				81F0A1391D18AE5400D53595 /* Frameworks */,
				81F0A13A1D18AE5400D53595 /* Resources */,
			);
			buildRules = (
			);
			dependencies = (
				81F0A13E1D18AE5400D53595 /* PBXTargetDependency */,
			);
			name = SampleAppSwiftUITests;
			productName = SwiftWhiteLabelSDKUITests;
			productReference = 81F0A13C1D18AE5400D53595 /* SampleAppSwift.xctest */;
			productType = "com.apple.product-type.bundle.ui-testing";
		};
/* End PBXNativeTarget section */

/* Begin PBXProject section */
		81F0A1121D18AE5400D53595 /* Project object */ = {
			isa = PBXProject;
			attributes = {
				LastSwiftUpdateCheck = 0730;
				LastUpgradeCheck = 0900;
				ORGANIZATIONNAME = LaunchKey;
				TargetAttributes = {
					81F0A1191D18AE5400D53595 = {
						CreatedOnToolsVersion = 7.3.1;
						DevelopmentTeam = WY8P975J56;
						LastSwiftMigration = 0810;
						SystemCapabilities = {
							com.apple.Keychain = {
								enabled = 1;
							};
							com.apple.Push = {
								enabled = 1;
							};
						};
					};
					81F0A1301D18AE5400D53595 = {
						CreatedOnToolsVersion = 7.3.1;
						DevelopmentTeam = F274U3KY8R;
						LastSwiftMigration = 0810;
						TestTargetID = 81F0A1191D18AE5400D53595;
					};
					81F0A13B1D18AE5400D53595 = {
						CreatedOnToolsVersion = 7.3.1;
						DevelopmentTeam = F274U3KY8R;
						LastSwiftMigration = 0810;
						TestTargetID = 81F0A1191D18AE5400D53595;
					};
				};
			};
			buildConfigurationList = 81F0A1151D18AE5400D53595 /* Build configuration list for PBXProject "SampleAppSwift" */;
			compatibilityVersion = "Xcode 3.2";
			developmentRegion = English;
			hasScannedForEncodings = 0;
			knownRegions = (
				English,
				en,
				Base,
			);
			mainGroup = 81F0A1111D18AE5400D53595;
			productRefGroup = 81F0A11B1D18AE5400D53595 /* Products */;
			projectDirPath = "";
			projectRoot = "";
			targets = (
				81F0A1191D18AE5400D53595 /* SampleAppSwift */,
				81F0A1301D18AE5400D53595 /* SampleAppSwiftTests */,
				81F0A13B1D18AE5400D53595 /* SampleAppSwiftUITests */,
			);
		};
/* End PBXProject section */

/* Begin PBXResourcesBuildPhase section */
		81F0A1181D18AE5400D53595 /* Resources */ = {
			isa = PBXResourcesBuildPhase;
			buildActionMask = 2147483647;
			files = (
				81F0A12B1D18AE5400D53595 /* LaunchScreen.storyboard in Resources */,
				81F0A1281D18AE5400D53595 /* Assets.xcassets in Resources */,
				81B0118822F1EABB00D782D0 /* exportOptions.plist in Resources */,
				81F0A1231D18AE5400D53595 /* Main.storyboard in Resources */,
			);
			runOnlyForDeploymentPostprocessing = 0;
		};
		81F0A12F1D18AE5400D53595 /* Resources */ = {
			isa = PBXResourcesBuildPhase;
			buildActionMask = 2147483647;
			files = (
			);
			runOnlyForDeploymentPostprocessing = 0;
		};
		81F0A13A1D18AE5400D53595 /* Resources */ = {
			isa = PBXResourcesBuildPhase;
			buildActionMask = 2147483647;
			files = (
			);
			runOnlyForDeploymentPostprocessing = 0;
		};
/* End PBXResourcesBuildPhase section */

/* Begin PBXShellScriptBuildPhase section */
		6A3D8A0D23441EAB0070818E /* ShellScript */ = {
			isa = PBXShellScriptBuildPhase;
			buildActionMask = 2147483647;
			files = (
			);
			inputFileListPaths = (
			);
			inputPaths = (
			);
			outputFileListPaths = (
			);
			outputPaths = (
			);
			runOnlyForDeploymentPostprocessing = 0;
			shellPath = /bin/sh;
			shellScript = "/usr/libexec/PlistBuddy -c \"Set :GIT_COMMIT_HASH `git rev-parse HEAD`\" \"${INFOPLIST_FILE}\"\n";
		};
/* End PBXShellScriptBuildPhase section */

/* Begin PBXSourcesBuildPhase section */
		81F0A1161D18AE5400D53595 /* Sources */ = {
			isa = PBXSourcesBuildPhase;
			buildActionMask = 2147483647;
			files = (
				815193651D580D40006B7DA3 /* SessionsCustomViewController.swift in Sources */,
				81F0A1201D18AE5400D53595 /* ViewController.swift in Sources */,
				6A7A835E22DD3FD3005A0BAD /* PushPackageTestingViewController.swift in Sources */,
				81CC6E141D58071400ADDD21 /* SessionsDefaultViewController.swift in Sources */,
				81F0A1261D18AE5400D53595 /* SwiftWhiteLabelSDK.xcdatamodeld in Sources */,
				817F47F122BAEDD600E61706 /* ConfigTestingViewController.swift in Sources */,
				81BC964D1D42CA1B00B2843A /* ContainerViewController.swift in Sources */,
				811A8E6F1D580AA00095A867 /* DevicesDefaultViewController.swift in Sources */,
				8153D4FE1D5CF3240023D2EC /* SessionCustomTableViewCell.swift in Sources */,
				81E220FD1D5CF61000828394 /* DevicesCustomTableViewCell.swift in Sources */,
				81DBD76C1D581CAB003F01B5 /* DevicesCustomViewController.swift in Sources */,
				81700BB81D4EB2EC00EA5F65 /* LinkingCustomViewController.swift in Sources */,
				81F0A11E1D18AE5400D53595 /* AppDelegate.swift in Sources */,
				6AABE959254217EB00B198E1 /* ObjCCatchException.m in Sources */,
			);
			runOnlyForDeploymentPostprocessing = 0;
		};
		81F0A12D1D18AE5400D53595 /* Sources */ = {
			isa = PBXSourcesBuildPhase;
			buildActionMask = 2147483647;
			files = (
			);
			runOnlyForDeploymentPostprocessing = 0;
		};
		81F0A1381D18AE5400D53595 /* Sources */ = {
			isa = PBXSourcesBuildPhase;
			buildActionMask = 2147483647;
			files = (
			);
			runOnlyForDeploymentPostprocessing = 0;
		};
/* End PBXSourcesBuildPhase section */

/* Begin PBXTargetDependency section */
		81F0A1331D18AE5400D53595 /* PBXTargetDependency */ = {
			isa = PBXTargetDependency;
			target = 81F0A1191D18AE5400D53595 /* SampleAppSwift */;
			targetProxy = 81F0A1321D18AE5400D53595 /* PBXContainerItemProxy */;
		};
		81F0A13E1D18AE5400D53595 /* PBXTargetDependency */ = {
			isa = PBXTargetDependency;
			target = 81F0A1191D18AE5400D53595 /* SampleAppSwift */;
			targetProxy = 81F0A13D1D18AE5400D53595 /* PBXContainerItemProxy */;
		};
/* End PBXTargetDependency section */

/* Begin PBXVariantGroup section */
		81F0A1211D18AE5400D53595 /* Main.storyboard */ = {
			isa = PBXVariantGroup;
			children = (
				81F0A1221D18AE5400D53595 /* Base */,
			);
			name = Main.storyboard;
			sourceTree = "<group>";
		};
		81F0A1291D18AE5400D53595 /* LaunchScreen.storyboard */ = {
			isa = PBXVariantGroup;
			children = (
				81F0A12A1D18AE5400D53595 /* Base */,
			);
			name = LaunchScreen.storyboard;
			sourceTree = "<group>";
		};
/* End PBXVariantGroup section */

/* Begin XCBuildConfiguration section */
		81F0A1431D18AE5400D53595 /* Debug */ = {
			isa = XCBuildConfiguration;
			buildSettings = {
				ALWAYS_SEARCH_USER_PATHS = NO;
				CLANG_ANALYZER_NONNULL = YES;
				CLANG_CXX_LANGUAGE_STANDARD = "gnu++0x";
				CLANG_CXX_LIBRARY = "libc++";
				CLANG_ENABLE_MODULES = YES;
				CLANG_ENABLE_OBJC_ARC = YES;
				CLANG_WARN_BLOCK_CAPTURE_AUTORELEASING = YES;
				CLANG_WARN_BOOL_CONVERSION = YES;
				CLANG_WARN_COMMA = YES;
				CLANG_WARN_CONSTANT_CONVERSION = YES;
				CLANG_WARN_DIRECT_OBJC_ISA_USAGE = YES_ERROR;
				CLANG_WARN_EMPTY_BODY = YES;
				CLANG_WARN_ENUM_CONVERSION = YES;
				CLANG_WARN_INFINITE_RECURSION = YES;
				CLANG_WARN_INT_CONVERSION = YES;
				CLANG_WARN_NON_LITERAL_NULL_CONVERSION = YES;
				CLANG_WARN_OBJC_LITERAL_CONVERSION = YES;
				CLANG_WARN_OBJC_ROOT_CLASS = YES_ERROR;
				CLANG_WARN_RANGE_LOOP_ANALYSIS = YES;
				CLANG_WARN_STRICT_PROTOTYPES = YES;
				CLANG_WARN_SUSPICIOUS_MOVE = YES;
				CLANG_WARN_UNREACHABLE_CODE = YES;
				CLANG_WARN__DUPLICATE_METHOD_MATCH = YES;
				"CODE_SIGN_IDENTITY[sdk=iphoneos*]" = "iPhone Developer";
				COPY_PHASE_STRIP = NO;
				DEBUG_INFORMATION_FORMAT = dwarf;
				ENABLE_STRICT_OBJC_MSGSEND = YES;
				ENABLE_TESTABILITY = YES;
				GCC_C_LANGUAGE_STANDARD = gnu99;
				GCC_DYNAMIC_NO_PIC = NO;
				GCC_NO_COMMON_BLOCKS = YES;
				GCC_OPTIMIZATION_LEVEL = 0;
				GCC_PREPROCESSOR_DEFINITIONS = (
					"DEBUG=1",
					"$(inherited)",
				);
				GCC_WARN_64_TO_32_BIT_CONVERSION = YES;
				GCC_WARN_ABOUT_RETURN_TYPE = YES_ERROR;
				GCC_WARN_UNDECLARED_SELECTOR = YES;
				GCC_WARN_UNINITIALIZED_AUTOS = YES_AGGRESSIVE;
				GCC_WARN_UNUSED_FUNCTION = YES;
				GCC_WARN_UNUSED_VARIABLE = YES;
				IPHONEOS_DEPLOYMENT_TARGET = 9.3;
				MTL_ENABLE_DEBUG_INFO = YES;
				ONLY_ACTIVE_ARCH = YES;
				SDKROOT = iphoneos;
				SWIFT_OPTIMIZATION_LEVEL = "-Onone";
			};
			name = Debug;
		};
		81F0A1441D18AE5400D53595 /* Release */ = {
			isa = XCBuildConfiguration;
			buildSettings = {
				ALWAYS_SEARCH_USER_PATHS = NO;
				CLANG_ANALYZER_NONNULL = YES;
				CLANG_CXX_LANGUAGE_STANDARD = "gnu++0x";
				CLANG_CXX_LIBRARY = "libc++";
				CLANG_ENABLE_MODULES = YES;
				CLANG_ENABLE_OBJC_ARC = YES;
				CLANG_WARN_BLOCK_CAPTURE_AUTORELEASING = YES;
				CLANG_WARN_BOOL_CONVERSION = YES;
				CLANG_WARN_COMMA = YES;
				CLANG_WARN_CONSTANT_CONVERSION = YES;
				CLANG_WARN_DIRECT_OBJC_ISA_USAGE = YES_ERROR;
				CLANG_WARN_EMPTY_BODY = YES;
				CLANG_WARN_ENUM_CONVERSION = YES;
				CLANG_WARN_INFINITE_RECURSION = YES;
				CLANG_WARN_INT_CONVERSION = YES;
				CLANG_WARN_NON_LITERAL_NULL_CONVERSION = YES;
				CLANG_WARN_OBJC_LITERAL_CONVERSION = YES;
				CLANG_WARN_OBJC_ROOT_CLASS = YES_ERROR;
				CLANG_WARN_RANGE_LOOP_ANALYSIS = YES;
				CLANG_WARN_STRICT_PROTOTYPES = YES;
				CLANG_WARN_SUSPICIOUS_MOVE = YES;
				CLANG_WARN_UNREACHABLE_CODE = YES;
				CLANG_WARN__DUPLICATE_METHOD_MATCH = YES;
				"CODE_SIGN_IDENTITY[sdk=iphoneos*]" = "iPhone Developer";
				COPY_PHASE_STRIP = NO;
				DEBUG_INFORMATION_FORMAT = "dwarf-with-dsym";
				ENABLE_NS_ASSERTIONS = NO;
				ENABLE_STRICT_OBJC_MSGSEND = YES;
				GCC_C_LANGUAGE_STANDARD = gnu99;
				GCC_NO_COMMON_BLOCKS = YES;
				GCC_WARN_64_TO_32_BIT_CONVERSION = YES;
				GCC_WARN_ABOUT_RETURN_TYPE = YES_ERROR;
				GCC_WARN_UNDECLARED_SELECTOR = YES;
				GCC_WARN_UNINITIALIZED_AUTOS = YES_AGGRESSIVE;
				GCC_WARN_UNUSED_FUNCTION = YES;
				GCC_WARN_UNUSED_VARIABLE = YES;
				IPHONEOS_DEPLOYMENT_TARGET = 9.3;
				MTL_ENABLE_DEBUG_INFO = NO;
				SDKROOT = iphoneos;
				SWIFT_COMPILATION_MODE = wholemodule;
				SWIFT_OPTIMIZATION_LEVEL = "-O";
				VALIDATE_PRODUCT = YES;
			};
			name = Release;
		};
		81F0A1461D18AE5400D53595 /* Debug */ = {
			isa = XCBuildConfiguration;
			buildSettings = {
				ASSETCATALOG_COMPILER_APPICON_NAME = AppIcon;
				CLANG_ENABLE_MODULES = YES;
				CODE_SIGN_ENTITLEMENTS = SampleAppSwift.entitlements;
				DEVELOPMENT_TEAM = WY8P975J56;
				ENABLE_BITCODE = NO;
				FRAMEWORK_SEARCH_PATHS = (
					"$(inherited)",
					"$(PROJECT_DIR)",
					"$(SRCROOT)/**",
					"$(PROJECT_DIR)/../Carthage/Build/iOS",
				);
				INFOPLIST_FILE = "$(SRCROOT)/SampleAppSwift/Info.plist";
				IPHONEOS_DEPLOYMENT_TARGET = 12.0;
				LD_RUNPATH_SEARCH_PATHS = (
					"$(inherited)",
					"@executable_path/Frameworks",
				);
				MARKETING_VERSION = 1.0.0;
				OTHER_LDFLAGS = "-ObjC";
				PRODUCT_BUNDLE_IDENTIFIER = com.LaunchKey.WhiteLabel.SwiftSampleApp;
				PRODUCT_NAME = SampleAppSwift;
				SWIFT_OBJC_BRIDGING_HEADER = "$(PROJECT_DIR)/SampleAppSwift-Bridging-Header.h";
				SWIFT_OPTIMIZATION_LEVEL = "-Onone";
				SWIFT_VERSION = 5.0;
				VALIDATE_WORKSPACE = NO;
			};
			name = Debug;
		};
		81F0A1471D18AE5400D53595 /* Release */ = {
			isa = XCBuildConfiguration;
			buildSettings = {
				ASSETCATALOG_COMPILER_APPICON_NAME = AppIcon;
				CLANG_ENABLE_MODULES = YES;
				CODE_SIGN_ENTITLEMENTS = SampleAppSwift.entitlements;
				DEVELOPMENT_TEAM = WY8P975J56;
				ENABLE_BITCODE = NO;
				FRAMEWORK_SEARCH_PATHS = (
					"$(inherited)",
					"$(PROJECT_DIR)",
					"$(SRCROOT)/**",
					"$(PROJECT_DIR)/../Carthage/Build/iOS",
				);
				INFOPLIST_FILE = "$(SRCROOT)/SampleAppSwift/Info.plist";
				IPHONEOS_DEPLOYMENT_TARGET = 12.0;
				LD_RUNPATH_SEARCH_PATHS = (
					"$(inherited)",
					"@executable_path/Frameworks",
				);
				MARKETING_VERSION = 1.0.0;
				OTHER_LDFLAGS = "-ObjC";
				PRODUCT_BUNDLE_IDENTIFIER = com.LaunchKey.WhiteLabel.SwiftSampleApp;
				PRODUCT_NAME = SampleAppSwift;
				SWIFT_OBJC_BRIDGING_HEADER = "$(PROJECT_DIR)/SampleAppSwift-Bridging-Header.h";
				SWIFT_VERSION = 5.0;
				VALIDATE_WORKSPACE = NO;
			};
			name = Release;
		};
		81F0A1491D18AE5400D53595 /* Debug */ = {
			isa = XCBuildConfiguration;
			buildSettings = {
				BUNDLE_LOADER = "$(TEST_HOST)";
				DEVELOPMENT_TEAM = F274U3KY8R;
				INFOPLIST_FILE = SwiftWhiteLabelSDKTests/Info.plist;
				LD_RUNPATH_SEARCH_PATHS = (
					"$(inherited)",
					"@executable_path/Frameworks",
					"@loader_path/Frameworks",
				);
				PRODUCT_BUNDLE_IDENTIFIER = com.LaunchKey.SwiftWhiteLabelSDKTests;
				PRODUCT_NAME = SampleAppSwift;
				SWIFT_VERSION = 3.0;
				TEST_HOST = "$(BUILT_PRODUCTS_DIR)/SampleAppSwift.app/SampleAppSwift";
			};
			name = Debug;
		};
		81F0A14A1D18AE5400D53595 /* Release */ = {
			isa = XCBuildConfiguration;
			buildSettings = {
				BUNDLE_LOADER = "$(TEST_HOST)";
				DEVELOPMENT_TEAM = F274U3KY8R;
				INFOPLIST_FILE = SwiftWhiteLabelSDKTests/Info.plist;
				LD_RUNPATH_SEARCH_PATHS = (
					"$(inherited)",
					"@executable_path/Frameworks",
					"@loader_path/Frameworks",
				);
				PRODUCT_BUNDLE_IDENTIFIER = com.LaunchKey.SwiftWhiteLabelSDKTests;
				PRODUCT_NAME = SampleAppSwift;
				SWIFT_VERSION = 3.0;
				TEST_HOST = "$(BUILT_PRODUCTS_DIR)/SampleAppSwift.app/SampleAppSwift";
			};
			name = Release;
		};
		81F0A14C1D18AE5400D53595 /* Debug */ = {
			isa = XCBuildConfiguration;
			buildSettings = {
				DEVELOPMENT_TEAM = F274U3KY8R;
				INFOPLIST_FILE = SwiftWhiteLabelSDKUITests/Info.plist;
				LD_RUNPATH_SEARCH_PATHS = (
					"$(inherited)",
					"@executable_path/Frameworks",
					"@loader_path/Frameworks",
				);
				PRODUCT_BUNDLE_IDENTIFIER = com.LaunchKey.SwiftWhiteLabelSDKUITests;
				PRODUCT_NAME = SampleAppSwift;
				SWIFT_VERSION = 3.0;
				TEST_TARGET_NAME = SwiftWhiteLabelSDK;
			};
			name = Debug;
		};
		81F0A14D1D18AE5400D53595 /* Release */ = {
			isa = XCBuildConfiguration;
			buildSettings = {
				DEVELOPMENT_TEAM = F274U3KY8R;
				INFOPLIST_FILE = SwiftWhiteLabelSDKUITests/Info.plist;
				LD_RUNPATH_SEARCH_PATHS = (
					"$(inherited)",
					"@executable_path/Frameworks",
					"@loader_path/Frameworks",
				);
				PRODUCT_BUNDLE_IDENTIFIER = com.LaunchKey.SwiftWhiteLabelSDKUITests;
				PRODUCT_NAME = SampleAppSwift;
				SWIFT_VERSION = 3.0;
				TEST_TARGET_NAME = SwiftWhiteLabelSDK;
			};
			name = Release;
		};
/* End XCBuildConfiguration section */

/* Begin XCConfigurationList section */
		81F0A1151D18AE5400D53595 /* Build configuration list for PBXProject "SampleAppSwift" */ = {
			isa = XCConfigurationList;
			buildConfigurations = (
				81F0A1431D18AE5400D53595 /* Debug */,
				81F0A1441D18AE5400D53595 /* Release */,
			);
			defaultConfigurationIsVisible = 0;
			defaultConfigurationName = Release;
		};
		81F0A1451D18AE5400D53595 /* Build configuration list for PBXNativeTarget "SampleAppSwift" */ = {
			isa = XCConfigurationList;
			buildConfigurations = (
				81F0A1461D18AE5400D53595 /* Debug */,
				81F0A1471D18AE5400D53595 /* Release */,
			);
			defaultConfigurationIsVisible = 0;
			defaultConfigurationName = Release;
		};
		81F0A1481D18AE5400D53595 /* Build configuration list for PBXNativeTarget "SampleAppSwiftTests" */ = {
			isa = XCConfigurationList;
			buildConfigurations = (
				81F0A1491D18AE5400D53595 /* Debug */,
				81F0A14A1D18AE5400D53595 /* Release */,
			);
			defaultConfigurationIsVisible = 0;
			defaultConfigurationName = Release;
		};
		81F0A14B1D18AE5400D53595 /* Build configuration list for PBXNativeTarget "SampleAppSwiftUITests" */ = {
			isa = XCConfigurationList;
			buildConfigurations = (
				81F0A14C1D18AE5400D53595 /* Debug */,
				81F0A14D1D18AE5400D53595 /* Release */,
			);
			defaultConfigurationIsVisible = 0;
			defaultConfigurationName = Release;
		};
/* End XCConfigurationList section */

/* Begin XCVersionGroup section */
		81F0A1241D18AE5400D53595 /* SwiftWhiteLabelSDK.xcdatamodeld */ = {
			isa = XCVersionGroup;
			children = (
				81F0A1251D18AE5400D53595 /* SwiftWhiteLabelSDK.xcdatamodel */,
			);
			currentVersion = 81F0A1251D18AE5400D53595 /* SwiftWhiteLabelSDK.xcdatamodel */;
			path = SwiftWhiteLabelSDK.xcdatamodeld;
			sourceTree = "<group>";
			versionGroupType = wrapper.xcdatamodel;
		};
/* End XCVersionGroup section */
	};
	rootObject = 81F0A1121D18AE5400D53595 /* Project object */;
}
